
Microsoft Visual Studio Solution File, Format Version 12.00
# Visual Studio 15
VisualStudioVersion = 15.0.26730.12
MinimumVisualStudioVersion = 10.0.40219.1
Project("{9A19103F-16F7-4668-BE54-9A1E7A4F7556}") = "VitterFolio.Api", "VitterForlio.Services\VitterFolio.Api.csproj", "{5C50717A-B25B-4E89-9CCC-7F2157371B05}"
EndProject
Project("{9A19103F-16F7-4668-BE54-9A1E7A4F7556}") = "VitterFolio.BusinessServices", "VitterFolio.BusinessServices\VitterFolio.BusinessServices.csproj", "{A6213503-D4C5-4D21-92B4-8265709434C9}"
EndProject
Project("{9A19103F-16F7-4668-BE54-9A1E7A4F7556}") = "VitterFolio.DataServices", "VitterFolio.DataServices\VitterFolio.DataServices.csproj", "{9E6EB027-D608-4CEE-8E33-37486149462F}"
EndProject
Project("{9A19103F-16F7-4668-BE54-9A1E7A4F7556}") = "VitterFolio.Dto", "VitterFolio.Dto\VitterFolio.Dto.csproj", "{4DE2053A-82E4-49F8-AC0D-BB6A3C5D139E}"
EndProject
Project("{9A19103F-16F7-4668-BE54-9A1E7A4F7556}") = "Vitter.Core", "..\Vitter.Core\Vitter.Core\Vitter.Core.csproj", "{36013AA9-1842-4C7B-ACA0-A8D0F53276CA}"
EndProject
Global
	GlobalSection(SolutionConfigurationPlatforms) = preSolution
		Debug|Any CPU = Debug|Any CPU
		Release|Any CPU = Release|Any CPU
	EndGlobalSection
	GlobalSection(ProjectConfigurationPlatforms) = postSolution
		{5C50717A-B25B-4E89-9CCC-7F2157371B05}.Debug|Any CPU.ActiveCfg = Debug|Any CPU
		{5C50717A-B25B-4E89-9CCC-7F2157371B05}.Debug|Any CPU.Build.0 = Debug|Any CPU
		{5C50717A-B25B-4E89-9CCC-7F2157371B05}.Release|Any CPU.ActiveCfg = Release|Any CPU
		{5C50717A-B25B-4E89-9CCC-7F2157371B05}.Release|Any CPU.Build.0 = Release|Any CPU
		{A6213503-D4C5-4D21-92B4-8265709434C9}.Debug|Any CPU.ActiveCfg = Debug|Any CPU
		{A6213503-D4C5-4D21-92B4-8265709434C9}.Debug|Any CPU.Build.0 = Debug|Any CPU
		{A6213503-D4C5-4D21-92B4-8265709434C9}.Release|Any CPU.ActiveCfg = Release|Any CPU
		{A6213503-D4C5-4D21-92B4-8265709434C9}.Release|Any CPU.Build.0 = Release|Any CPU
		{9E6EB027-D608-4CEE-8E33-37486149462F}.Debug|Any CPU.ActiveCfg = Debug|Any CPU
		{9E6EB027-D608-4CEE-8E33-37486149462F}.Debug|Any CPU.Build.0 = Debug|Any CPU
		{9E6EB027-D608-4CEE-8E33-37486149462F}.Release|Any CPU.ActiveCfg = Release|Any CPU
		{9E6EB027-D608-4CEE-8E33-37486149462F}.Release|Any CPU.Build.0 = Release|Any CPU
		{4DE2053A-82E4-49F8-AC0D-BB6A3C5D139E}.Debug|Any CPU.ActiveCfg = Debug|Any CPU
		{4DE2053A-82E4-49F8-AC0D-BB6A3C5D139E}.Debug|Any CPU.Build.0 = Debug|Any CPU
		{4DE2053A-82E4-49F8-AC0D-BB6A3C5D139E}.Release|Any CPU.ActiveCfg = Release|Any CPU
		{4DE2053A-82E4-49F8-AC0D-BB6A3C5D139E}.Release|Any CPU.Build.0 = Release|Any CPU
		{36013AA9-1842-4C7B-ACA0-A8D0F53276CA}.Debug|Any CPU.ActiveCfg = Debug|Any CPU
		{36013AA9-1842-4C7B-ACA0-A8D0F53276CA}.Debug|Any CPU.Build.0 = Debug|Any CPU
		{36013AA9-1842-4C7B-ACA0-A8D0F53276CA}.Release|Any CPU.ActiveCfg = Release|Any CPU
		{36013AA9-1842-4C7B-ACA0-A8D0F53276CA}.Release|Any CPU.Build.0 = Release|Any CPU
	EndGlobalSection
	GlobalSection(SolutionProperties) = preSolution
		HideSolutionNode = FALSE
	EndGlobalSection
	GlobalSection(ExtensibilityGlobals) = postSolution
		SolutionGuid = {ADCE017F-9A24-4C1A-91B0-7C5BF619134D}
	EndGlobalSection
EndGlobal
